
Microsoft Visual Studio Solution File, Format Version 12.00
# Visual Studio 15
VisualStudioVersion = 15.0.28307.902
MinimumVisualStudioVersion = 10.0.40219.1
Project("{FAE04EC0-301F-11D3-BF4B-00C04F79EFBC}") = "CSSD.Print.WinService", "CSSD.Print.WinServie\CSSD.Print.WinService.csproj", "{81D35E15-CDF3-4351-89EA-EA6B6CB98B58}"
EndProject
Project("{FAE04EC0-301F-11D3-BF4B-00C04F79EFBC}") = "CSSD.Print.WinService.Installer", "CSSD.Print.WinService.Installer\CSSD.Print.WinService.Installer.csproj", "{BFC652EB-428F-4928-BF00-EFB3FF4C0523}"
EndProject
Global
	GlobalSection(SolutionConfigurationPlatforms) = preSolution
		Debug|Any CPU = Debug|Any CPU
		Release|Any CPU = Release|Any CPU
	EndGlobalSection
	GlobalSection(ProjectConfigurationPlatforms) = postSolution
		{81D35E15-CDF3-4351-89EA-EA6B6CB98B58}.Debug|Any CPU.ActiveCfg = Debug|Any CPU
		{81D35E15-CDF3-4351-89EA-EA6B6CB98B58}.Debug|Any CPU.Build.0 = Debug|Any CPU
		{81D35E15-CDF3-4351-89EA-EA6B6CB98B58}.Release|Any CPU.ActiveCfg = Release|Any CPU
		{81D35E15-CDF3-4351-89EA-EA6B6CB98B58}.Release|Any CPU.Build.0 = Release|Any CPU
		{BFC652EB-428F-4928-BF00-EFB3FF4C0523}.Debug|Any CPU.ActiveCfg = Debug|Any CPU
		{BFC652EB-428F-4928-BF00-EFB3FF4C0523}.Debug|Any CPU.Build.0 = Debug|Any CPU
		{BFC652EB-428F-4928-BF00-EFB3FF4C0523}.Release|Any CPU.ActiveCfg = Release|Any CPU
		{BFC652EB-428F-4928-BF00-EFB3FF4C0523}.Release|Any CPU.Build.0 = Release|Any CPU
	EndGlobalSection
	GlobalSection(SolutionProperties) = preSolution
		HideSolutionNode = FALSE
	EndGlobalSection
	GlobalSection(ExtensibilityGlobals) = postSolution
		SolutionGuid = {A39BB933-DA70-4227-8F95-B30938E7BAB4}
	EndGlobalSection
EndGlobal
